
Microsoft Visual Studio Solution File, Format Version 12.00
# Visual Studio Version 17
VisualStudioVersion = 17.11.35222.181
MinimumVisualStudioVersion = 10.0.40219.1
Project("{8BC9CEB8-8B4A-11D0-8D11-00A0C91BC942}") = "CreativeModePlugin", "CreativeModePlugin\CreativeModePlugin.vcxproj", "{38BA2516-0267-412B-858E-EE90C2B65B47}"
EndProject
Global
	GlobalSection(SolutionConfigurationPlatforms) = preSolution
		Release|x64 = Release|x64
	EndGlobalSection
	GlobalSection(ProjectConfigurationPlatforms) = postSolution
		{38BA2516-0267-412B-858E-EE90C2B65B47}.Release|x64.ActiveCfg = Release|x64
		{38BA2516-0267-412B-858E-EE90C2B65B47}.Release|x64.Build.0 = Release|x64
	EndGlobalSection
	GlobalSection(SolutionProperties) = preSolution
		HideSolutionNode = FALSE
	EndGlobalSection
	GlobalSection(ExtensibilityGlobals) = postSolution
		SolutionGuid = {04B38A5A-7CCA-4349-9F4D-13C7A3C6E0FC}
	EndGlobalSection
EndGlobal
